// !$*UTF8*$!
{
	archiveVersion = 1;
	classes = {
	};
	objectVersion = 50;
	objects = {

/* Begin PBXBuildFile section */
		7D95A41420CA39E100F03366 /* AppDelegate.swift in Sources */ = {isa = PBXBuildFile; fileRef = 7D95A41320CA39E100F03366 /* AppDelegate.swift */; };
		7D95A41620CA39E100F03366 /* ViewController.swift in Sources */ = {isa = PBXBuildFile; fileRef = 7D95A41520CA39E100F03366 /* ViewController.swift */; };
		7D95A41920CA39E100F03366 /* Main.storyboard in Resources */ = {isa = PBXBuildFile; fileRef = 7D95A41720CA39E100F03366 /* Main.storyboard */; };
		7D95A41B20CA39E200F03366 /* Assets.xcassets in Resources */ = {isa = PBXBuildFile; fileRef = 7D95A41A20CA39E200F03366 /* Assets.xcassets */; };
		7D95A41E20CA39E200F03366 /* LaunchScreen.storyboard in Resources */ = {isa = PBXBuildFile; fileRef = 7D95A41C20CA39E200F03366 /* LaunchScreen.storyboard */; };
		F6FF52F8172EAAB62EDA56E7 /* Pods_asodxc.framework in Frameworks */ = {isa = PBXBuildFile; fileRef = D4D1F84391BEDDE0A70F78A4 /* Pods_asodxc.framework */; };
/* End PBXBuildFile section */

/* Begin PBXFileReference section */
		7AF85FAD65348314EE828BA7 /* Pods-asodxc.release.xcconfig */ = {isa = PBXFileReference; includeInIndex = 1; lastKnownFileType = text.xcconfig; name = "Pods-asodxc.release.xcconfig"; path = "Pods/Target Support Files/Pods-asodxc/Pods-asodxc.release.xcconfig"; sourceTree = "<group>"; };
		7D95A41020CA39E100F03366 /* asodxc.app */ = {isa = PBXFileReference; explicitFileType = wrapper.application; includeInIndex = 0; path = asodxc.app; sourceTree = BUILT_PRODUCTS_DIR; };
		7D95A41320CA39E100F03366 /* AppDelegate.swift */ = {isa = PBXFileReference; lastKnownFileType = sourcecode.swift; path = AppDelegate.swift; sourceTree = "<group>"; };
		7D95A41520CA39E100F03366 /* ViewController.swift */ = {isa = PBXFileReference; lastKnownFileType = sourcecode.swift; path = ViewController.swift; sourceTree = "<group>"; };
		7D95A41820CA39E100F03366 /* Base */ = {isa = PBXFileReference; lastKnownFileType = file.storyboard; name = Base; path = Base.lproj/Main.storyboard; sourceTree = "<group>"; };
		7D95A41A20CA39E200F03366 /* Assets.xcassets */ = {isa = PBXFileReference; lastKnownFileType = folder.assetcatalog; path = Assets.xcassets; sourceTree = "<group>"; };
		7D95A41D20CA39E200F03366 /* Base */ = {isa = PBXFileReference; lastKnownFileType = file.storyboard; name = Base; path = Base.lproj/LaunchScreen.storyboard; sourceTree = "<group>"; };
		7D95A41F20CA39E200F03366 /* Info.plist */ = {isa = PBXFileReference; lastKnownFileType = text.plist.xml; path = Info.plist; sourceTree = "<group>"; };
		B985AB90647437F869D3EFC8 /* Pods-asodxc.debug.xcconfig */ = {isa = PBXFileReference; includeInIndex = 1; lastKnownFileType = text.xcconfig; name = "Pods-asodxc.debug.xcconfig"; path = "Pods/Target Support Files/Pods-asodxc/Pods-asodxc.debug.xcconfig"; sourceTree = "<group>"; };
		D4D1F84391BEDDE0A70F78A4 /* Pods_asodxc.framework */ = {isa = PBXFileReference; explicitFileType = wrapper.framework; includeInIndex = 0; path = Pods_asodxc.framework; sourceTree = BUILT_PRODUCTS_DIR; };
/* End PBXFileReference section */

/* Begin PBXFrameworksBuildPhase section */
		7D95A40D20CA39E100F03366 /* Frameworks */ = {
			isa = PBXFrameworksBuildPhase;
			buildActionMask = 2147483647;
			files = (
				F6FF52F8172EAAB62EDA56E7 /* Pods_asodxc.framework in Frameworks */,
			);
			runOnlyForDeploymentPostprocessing = 0;
		};
/* End PBXFrameworksBuildPhase section */

/* Begin PBXGroup section */
		70564A1F072A757578B8AC2C /* Pods */ = {
			isa = PBXGroup;
			children = (
				B985AB90647437F869D3EFC8 /* Pods-asodxc.debug.xcconfig */,
				7AF85FAD65348314EE828BA7 /* Pods-asodxc.release.xcconfig */,
			);
			name = Pods;
			sourceTree = "<group>";
		};
		7D95A40720CA39E100F03366 = {
			isa = PBXGroup;
			children = (
				7D95A41220CA39E100F03366 /* asodxc */,
				7D95A41120CA39E100F03366 /* Products */,
				70564A1F072A757578B8AC2C /* Pods */,
				B49CB04FABB26EFE60B83374 /* Frameworks */,
			);
			sourceTree = "<group>";
		};
		7D95A41120CA39E100F03366 /* Products */ = {
			isa = PBXGroup;
			children = (
				7D95A41020CA39E100F03366 /* asodxc.app */,
			);
			name = Products;
			sourceTree = "<group>";
		};
		7D95A41220CA39E100F03366 /* asodxc */ = {
			isa = PBXGroup;
			children = (
				7D95A41320CA39E100F03366 /* AppDelegate.swift */,
				7D95A41520CA39E100F03366 /* ViewController.swift */,
				7D95A41720CA39E100F03366 /* Main.storyboard */,
				7D95A41A20CA39E200F03366 /* Assets.xcassets */,
				7D95A41C20CA39E200F03366 /* LaunchScreen.storyboard */,
				7D95A41F20CA39E200F03366 /* Info.plist */,
			);
			path = asodxc;
			sourceTree = "<group>";
		};
		B49CB04FABB26EFE60B83374 /* Frameworks */ = {
			isa = PBXGroup;
			children = (
				D4D1F84391BEDDE0A70F78A4 /* Pods_asodxc.framework */,
			);
			name = Frameworks;
			sourceTree = "<group>";
		};
/* End PBXGroup section */

/* Begin PBXNativeTarget section */
		7D95A40F20CA39E100F03366 /* asodxc */ = {
			isa = PBXNativeTarget;
			buildConfigurationList = 7D95A42220CA39E200F03366 /* Build configuration list for PBXNativeTarget "asodxc" */;
			buildPhases = (
				BEBA922BA79B61A8D35FC7A1 /* [CP] Check Pods Manifest.lock */,
				7D95A40C20CA39E100F03366 /* Sources */,
				7D95A40D20CA39E100F03366 /* Frameworks */,
				7D95A40E20CA39E100F03366 /* Resources */,
				B902D4F5626DBC98175C0C51 /* [CP] Embed Pods Frameworks */,
			);
			buildRules = (
			);
			dependencies = (
			);
			name = asodxc;
			productName = asodxc;
			productReference = 7D95A41020CA39E100F03366 /* asodxc.app */;
			productType = "com.apple.product-type.application";
		};
/* End PBXNativeTarget section */

/* Begin PBXProject section */
		7D95A40820CA39E100F03366 /* Project object */ = {
			isa = PBXProject;
			attributes = {
				LastSwiftUpdateCheck = 0940;
				LastUpgradeCheck = 0940;
				ORGANIZATIONNAME = "Eddy Segura";
				TargetAttributes = {
					7D95A40F20CA39E100F03366 = {
						CreatedOnToolsVersion = 9.4;
					};
				};
			};
			buildConfigurationList = 7D95A40B20CA39E100F03366 /* Build configuration list for PBXProject "asodxc" */;
			compatibilityVersion = "Xcode 9.3";
			developmentRegion = en;
			hasScannedForEncodings = 0;
			knownRegions = (
				en,
				Base,
			);
			mainGroup = 7D95A40720CA39E100F03366;
			productRefGroup = 7D95A41120CA39E100F03366 /* Products */;
			projectDirPath = "";
			projectRoot = "";
			targets = (
				7D95A40F20CA39E100F03366 /* asodxc */,
			);
		};
/* End PBXProject section */

/* Begin PBXResourcesBuildPhase section */
		7D95A40E20CA39E100F03366 /* Resources */ = {
			isa = PBXResourcesBuildPhase;
			buildActionMask = 2147483647;
			files = (
				7D95A41E20CA39E200F03366 /* LaunchScreen.storyboard in Resources */,
				7D95A41B20CA39E200F03366 /* Assets.xcassets in Resources */,
				7D95A41920CA39E100F03366 /* Main.storyboard in Resources */,
			);
			runOnlyForDeploymentPostprocessing = 0;
		};
/* End PBXResourcesBuildPhase section */

/* Begin PBXShellScriptBuildPhase section */
		B902D4F5626DBC98175C0C51 /* [CP] Embed Pods Frameworks */ = {
			isa = PBXShellScriptBuildPhase;
			buildActionMask = 2147483647;
			files = (
			);
			inputPaths = (
				"${SRCROOT}/Pods/Target Support Files/Pods-asodxc/Pods-asodxc-frameworks.sh",
				"${BUILT_PRODUCTS_DIR}/Realm/Realm.framework",
				"${BUILT_PRODUCTS_DIR}/RealmSwift/RealmSwift.framework",
			);
			name = "[CP] Embed Pods Frameworks";
			outputPaths = (
				"${TARGET_BUILD_DIR}/${FRAMEWORKS_FOLDER_PATH}/Realm.framework",
				"${TARGET_BUILD_DIR}/${FRAMEWORKS_FOLDER_PATH}/RealmSwift.framework",
			);
			runOnlyForDeploymentPostprocessing = 0;
			shellPath = /bin/sh;
			shellScript = "\"${SRCROOT}/Pods/Target Support Files/Pods-asodxc/Pods-asodxc-frameworks.sh\"\n";
			showEnvVarsInLog = 0;
		};
		BEBA922BA79B61A8D35FC7A1 /* [CP] Check Pods Manifest.lock */ = {
			isa = PBXShellScriptBuildPhase;
			buildActionMask = 2147483647;
			files = (
			);
			inputPaths = (
				"${PODS_PODFILE_DIR_PATH}/Podfile.lock",
				"${PODS_ROOT}/Manifest.lock",
			);
			name = "[CP] Check Pods Manifest.lock";
			outputPaths = (
				"$(DERIVED_FILE_DIR)/Pods-asodxc-checkManifestLockResult.txt",
			);
			runOnlyForDeploymentPostprocessing = 0;
			shellPath = /bin/sh;
			shellScript = "diff \"${PODS_PODFILE_DIR_PATH}/Podfile.lock\" \"${PODS_ROOT}/Manifest.lock\" > /dev/null\nif [ $? != 0 ] ; then\n    # print error to STDERR\n    echo \"error: The sandbox is not in sync with the Podfile.lock. Run 'pod install' or update your CocoaPods installation.\" >&2\n    exit 1\nfi\n# This output is used by Xcode 'outputs' to avoid re-running this script phase.\necho \"SUCCESS\" > \"${SCRIPT_OUTPUT_FILE_0}\"\n";
			showEnvVarsInLog = 0;
		};
/* End PBXShellScriptBuildPhase section */

/* Begin PBXSourcesBuildPhase section */
		7D95A40C20CA39E100F03366 /* Sources */ = {
			isa = PBXSourcesBuildPhase;
			buildActionMask = 2147483647;
			files = (
				7D95A41620CA39E100F03366 /* ViewController.swift in Sources */,
				7D95A41420CA39E100F03366 /* AppDelegate.swift in Sources */,
			);
			runOnlyForDeploymentPostprocessing = 0;
		};
/* End PBXSourcesBuildPhase section */

/* Begin PBXVariantGroup section */
		7D95A41720CA39E100F03366 /* Main.storyboard */ = {
			isa = PBXVariantGroup;
			children = (
				7D95A41820CA39E100F03366 /* Base */,
			);
			name = Main.storyboard;
			sourceTree = "<group>";
		};
		7D95A41C20CA39E200F03366 /* LaunchScreen.storyboard */ = {
			isa = PBXVariantGroup;
			children = (
				7D95A41D20CA39E200F03366 /* Base */,
			);
			name = LaunchScreen.storyboard;
			sourceTree = "<group>";
		};
/* End PBXVariantGroup section */

/* Begin XCBuildConfiguration section */
		7D95A42020CA39E200F03366 /* Debug */ = {
			isa = XCBuildConfiguration;
			buildSettings = {
				ALWAYS_SEARCH_USER_PATHS = NO;
				CLANG_ANALYZER_NONNULL = YES;
				CLANG_ANALYZER_NUMBER_OBJECT_CONVERSION = YES_AGGRESSIVE;
				CLANG_CXX_LANGUAGE_STANDARD = "gnu++14";
				CLANG_CXX_LIBRARY = "libc++";
				CLANG_ENABLE_MODULES = YES;
				CLANG_ENABLE_OBJC_ARC = YES;
				CLANG_ENABLE_OBJC_WEAK = YES;
				CLANG_WARN_BLOCK_CAPTURE_AUTORELEASING = YES;
				CLANG_WARN_BOOL_CONVERSION = YES;
				CLANG_WARN_COMMA = YES;
				CLANG_WARN_CONSTANT_CONVERSION = YES;
				CLANG_WARN_DEPRECATED_OBJC_IMPLEMENTATIONS = YES;
				CLANG_WARN_DIRECT_OBJC_ISA_USAGE = YES_ERROR;
				CLANG_WARN_DOCUMENTATION_COMMENTS = YES;
				CLANG_WARN_EMPTY_BODY = YES;
				CLANG_WARN_ENUM_CONVERSION = YES;
				CLANG_WARN_INFINITE_RECURSION = YES;
				CLANG_WARN_INT_CONVERSION = YES;
				CLANG_WARN_NON_LITERAL_NULL_CONVERSION = YES;
				CLANG_WARN_OBJC_IMPLICIT_RETAIN_SELF = YES;
				CLANG_WARN_OBJC_LITERAL_CONVERSION = YES;
				CLANG_WARN_OBJC_ROOT_CLASS = YES_ERROR;
				CLANG_WARN_RANGE_LOOP_ANALYSIS = YES;
				CLANG_WARN_STRICT_PROTOTYPES = YES;
				CLANG_WARN_SUSPICIOUS_MOVE = YES;
				CLANG_WARN_UNGUARDED_AVAILABILITY = YES_AGGRESSIVE;
				CLANG_WARN_UNREACHABLE_CODE = YES;
				CLANG_WARN__DUPLICATE_METHOD_MATCH = YES;
				CODE_SIGN_IDENTITY = "iPhone Developer";
				COPY_PHASE_STRIP = NO;
				DEBUG_INFORMATION_FORMAT = dwarf;
				ENABLE_STRICT_OBJC_MSGSEND = YES;
				ENABLE_TESTABILITY = YES;
				GCC_C_LANGUAGE_STANDARD = gnu11;
				GCC_DYNAMIC_NO_PIC = NO;
				GCC_NO_COMMON_BLOCKS = YES;
				GCC_OPTIMIZATION_LEVEL = 0;
				GCC_PREPROCESSOR_DEFINITIONS = (
					"DEBUG=1",
					"$(inherited)",
				);
				GCC_WARN_64_TO_32_BIT_CONVERSION = YES;
				GCC_WARN_ABOUT_RETURN_TYPE = YES_ERROR;
				GCC_WARN_UNDECLARED_SELECTOR = YES;
				GCC_WARN_UNINITIALIZED_AUTOS = YES_AGGRESSIVE;
				GCC_WARN_UNUSED_FUNCTION = YES;
				GCC_WARN_UNUSED_VARIABLE = YES;
				IPHONEOS_DEPLOYMENT_TARGET = 11.4;
				MTL_ENABLE_DEBUG_INFO = YES;
				ONLY_ACTIVE_ARCH = YES;
				SDKROOT = iphoneos;
				SWIFT_ACTIVE_COMPILATION_CONDITIONS = DEBUG;
				SWIFT_OPTIMIZATION_LEVEL = "-Onone";
			};
			name = Debug;
		};
		7D95A42120CA39E200F03366 /* Release */ = {
			isa = XCBuildConfiguration;
			buildSettings = {
				ALWAYS_SEARCH_USER_PATHS = NO;
				CLANG_ANALYZER_NONNULL = YES;
				CLANG_ANALYZER_NUMBER_OBJECT_CONVERSION = YES_AGGRESSIVE;
				CLANG_CXX_LANGUAGE_STANDARD = "gnu++14";
				CLANG_CXX_LIBRARY = "libc++";
				CLANG_ENABLE_MODULES = YES;
				CLANG_ENABLE_OBJC_ARC = YES;
				CLANG_ENABLE_OBJC_WEAK = YES;
				CLANG_WARN_BLOCK_CAPTURE_AUTORELEASING = YES;
				CLANG_WARN_BOOL_CONVERSION = YES;
				CLANG_WARN_COMMA = YES;
				CLANG_WARN_CONSTANT_CONVERSION = YES;
				CLANG_WARN_DEPRECATED_OBJC_IMPLEMENTATIONS = YES;
				CLANG_WARN_DIRECT_OBJC_ISA_USAGE = YES_ERROR;
				CLANG_WARN_DOCUMENTATION_COMMENTS = YES;
				CLANG_WARN_EMPTY_BODY = YES;
				CLANG_WARN_ENUM_CONVERSION = YES;
				CLANG_WARN_INFINITE_RECURSION = YES;
				CLANG_WARN_INT_CONVERSION = YES;
				CLANG_WARN_NON_LITERAL_NULL_CONVERSION = YES;
				CLANG_WARN_OBJC_IMPLICIT_RETAIN_SELF = YES;
				CLANG_WARN_OBJC_LITERAL_CONVERSION = YES;
				CLANG_WARN_OBJC_ROOT_CLASS = YES_ERROR;
				CLANG_WARN_RANGE_LOOP_ANALYSIS = YES;
				CLANG_WARN_STRICT_PROTOTYPES = YES;
				CLANG_WARN_SUSPICIOUS_MOVE = YES;
				CLANG_WARN_UNGUARDED_AVAILABILITY = YES_AGGRESSIVE;
				CLANG_WARN_UNREACHABLE_CODE = YES;
				CLANG_WARN__DUPLICATE_METHOD_MATCH = YES;
				CODE_SIGN_IDENTITY = "iPhone Developer";
				COPY_PHASE_STRIP = NO;
				DEBUG_INFORMATION_FORMAT = "dwarf-with-dsym";
				ENABLE_NS_ASSERTIONS = NO;
				ENABLE_STRICT_OBJC_MSGSEND = YES;
				GCC_C_LANGUAGE_STANDARD = gnu11;
				GCC_NO_COMMON_BLOCKS = YES;
				GCC_WARN_64_TO_32_BIT_CONVERSION = YES;
				GCC_WARN_ABOUT_RETURN_TYPE = YES_ERROR;
				GCC_WARN_UNDECLARED_SELECTOR = YES;
				GCC_WARN_UNINITIALIZED_AUTOS = YES_AGGRESSIVE;
				GCC_WARN_UNUSED_FUNCTION = YES;
				GCC_WARN_UNUSED_VARIABLE = YES;
				IPHONEOS_DEPLOYMENT_TARGET = 11.4;
				MTL_ENABLE_DEBUG_INFO = NO;
				SDKROOT = iphoneos;
				SWIFT_COMPILATION_MODE = wholemodule;
				SWIFT_OPTIMIZATION_LEVEL = "-O";
				VALIDATE_PRODUCT = YES;
			};
			name = Release;
		};
		7D95A42320CA39E200F03366 /* Debug */ = {
			isa = XCBuildConfiguration;
			baseConfigurationReference = B985AB90647437F869D3EFC8 /* Pods-asodxc.debug.xcconfig */;
			buildSettings = {
				ASSETCATALOG_COMPILER_APPICON_NAME = AppIcon;
				CODE_SIGN_STYLE = Automatic;
				INFOPLIST_FILE = asodxc/Info.plist;
				LD_RUNPATH_SEARCH_PATHS = (
					"$(inherited)",
					"@executable_path/Frameworks",
				);
				PRODUCT_BUNDLE_IDENTIFIER = "reverse-domain.asodxc";
				PRODUCT_NAME = "$(TARGET_NAME)";
				SWIFT_VERSION = 4.0;
				TARGETED_DEVICE_FAMILY = "1,2";
			};
			name = Debug;
		};
		7D95A42420CA39E200F03366 /* Release */ = {
			isa = XCBuildConfiguration;
			baseConfigurationReference = 7AF85FAD65348314EE828BA7 /* Pods-asodxc.release.xcconfig */;
			buildSettings = {
				ASSETCATALOG_COMPILER_APPICON_NAME = AppIcon;
				CODE_SIGN_STYLE = Automatic;
				INFOPLIST_FILE = asodxc/Info.plist;
				LD_RUNPATH_SEARCH_PATHS = (
					"$(inherited)",
					"@executable_path/Frameworks",
				);
				PRODUCT_BUNDLE_IDENTIFIER = "reverse-domain.asodxc";
				PRODUCT_NAME = "$(TARGET_NAME)";
				SWIFT_VERSION = 4.0;
				TARGETED_DEVICE_FAMILY = "1,2";
			};
			name = Release;
		};
/* End XCBuildConfiguration section */

/* Begin XCConfigurationList section */
		7D95A40B20CA39E100F03366 /* Build configuration list for PBXProject "asodxc" */ = {
			isa = XCConfigurationList;
			buildConfigurations = (
				7D95A42020CA39E200F03366 /* Debug */,
				7D95A42120CA39E200F03366 /* Release */,
			);
			defaultConfigurationIsVisible = 0;
			defaultConfigurationName = Release;
		};
		7D95A42220CA39E200F03366 /* Build configuration list for PBXNativeTarget "asodxc" */ = {
			isa = XCConfigurationList;
			buildConfigurations = (
				7D95A42320CA39E200F03366 /* Debug */,
				7D95A42420CA39E200F03366 /* Release */,
			);
			defaultConfigurationIsVisible = 0;
			defaultConfigurationName = Release;
		};
/* End XCConfigurationList section */
	};
	rootObject = 7D95A40820CA39E100F03366 /* Project object */;
}
